
Microsoft Visual Studio Solution File, Format Version 12.00
# Visual Studio 2012
Project("{FAE04EC0-301F-11D3-BF4B-00C04F79EFBC}") = "tilesim.WWW", "tilesim.WWW\tilesim.WWW.csproj", "{94560C32-AFBD-4DD1-8347-79FE1995137D}"
EndProject
Project("{FAE04EC0-301F-11D3-BF4B-00C04F79EFBC}") = "tilesim.Data", "tilesim.Data\tilesim.Data.csproj", "{ABD79A28-4EDC-4400-9583-4CB96F5E84B9}"
EndProject
Project("{FAE04EC0-301F-11D3-BF4B-00C04F79EFBC}") = "tilesim.EngineConsole", "tilesim.EngineConsole\tilesim.EngineConsole.csproj", "{8A38BB92-4D97-4FC0-ABFC-3635D5131567}"
EndProject
Project("{FAE04EC0-301F-11D3-BF4B-00C04F79EFBC}") = "tilesim.Data.Tests", "tilesim.Data.Tests\tilesim.Data.Tests.csproj", "{C3847E16-2B96-4CEC-8110-11C32CA1D4A1}"
EndProject
Project("{FAE04EC0-301F-11D3-BF4B-00C04F79EFBC}") = "tilesim.Engine", "tilesim.Engine\tilesim.Engine.csproj", "{365EB32E-85CD-482F-8329-1660455D7E9E}"
EndProject
Project("{FAE04EC0-301F-11D3-BF4B-00C04F79EFBC}") = "tilesim.Engine.Tests", "tilesim.Engine.Tests\tilesim.Engine.Tests.csproj", "{A7FEDC8F-CE70-4002-BDDB-37514D64342C}"
EndProject
Project("{FAE04EC0-301F-11D3-BF4B-00C04F79EFBC}") = "tilesim.EngineCustomConsole", "tilesim.EngineCustomConsole\tilesim.EngineCustomConsole.csproj", "{AE4FDE0B-9341-43B3-9F0F-70142BDEA268}"
EndProject
Project("{FAE04EC0-301F-11D3-BF4B-00C04F79EFBC}") = "tilesim.Alerts", "tilesim.Alerts\tilesim.Alerts.csproj", "{85972657-52CF-4C7D-A6E4-DEF232F28C91}"
EndProject
Project("{FAE04EC0-301F-11D3-BF4B-00C04F79EFBC}") = "tilesim.Base", "tilesim.Base\tilesim.Base.csproj", "{FB1138A7-129A-4A5C-B069-E8491616257A}"
EndProject
Project("{FAE04EC0-301F-11D3-BF4B-00C04F79EFBC}") = "tilesim.Data.Tests.Integration", "tilesim.Data.Tests.Integration\tilesim.Data.Tests.Integration.csproj", "{40CA482C-9A7D-4EFE-B7D7-497F971BFD1D}"
EndProject
Project("{FAE04EC0-301F-11D3-BF4B-00C04F79EFBC}") = "tilesim.Engine.Tests.Integration", "tilesim.Engine.Tests.Integration\tilesim.Engine.Tests.Integration.csproj", "{A70B60D6-C164-44F4-ACC9-37EFB6A3AA88}"
EndProject
Project("{FAE04EC0-301F-11D3-BF4B-00C04F79EFBC}") = "tilesim.Web", "tilesim.Web\tilesim.Web.csproj", "{03F878D0-9AC5-460D-BFDD-17C47B2B3B5F}"
EndProject
Project("{FAE04EC0-301F-11D3-BF4B-00C04F79EFBC}") = "tilesim.Engine.Tests.Unit", "tilesim.Engine.Tests.Unit\tilesim.Engine.Tests.Unit.csproj", "{5F6836BE-DDC0-4EAF-B0F4-751799E57A93}"
EndProject
Project("{FAE04EC0-301F-11D3-BF4B-00C04F79EFBC}") = "tilesim.Tests", "tilesim.Tests\tilesim.Tests.csproj", "{E553F220-5E0B-4141-9CB8-5A0643457511}"
EndProject
Project("{FAE04EC0-301F-11D3-BF4B-00C04F79EFBC}") = "tilesim.Data.Tests.Unit", "tilesim.Data.Tests.Unit\tilesim.Data.Tests.Unit.csproj", "{066BEB78-61AB-47D2-9F66-9696C9886C5F}"
EndProject
Global
	GlobalSection(SolutionConfigurationPlatforms) = preSolution
		Debug|Any CPU = Debug|Any CPU
		Release|Any CPU = Release|Any CPU
	EndGlobalSection
	GlobalSection(ProjectConfigurationPlatforms) = postSolution
		{03F878D0-9AC5-460D-BFDD-17C47B2B3B5F}.Debug|Any CPU.ActiveCfg = Debug|Any CPU
		{03F878D0-9AC5-460D-BFDD-17C47B2B3B5F}.Debug|Any CPU.Build.0 = Debug|Any CPU
		{03F878D0-9AC5-460D-BFDD-17C47B2B3B5F}.Release|Any CPU.ActiveCfg = Release|Any CPU
		{03F878D0-9AC5-460D-BFDD-17C47B2B3B5F}.Release|Any CPU.Build.0 = Release|Any CPU
		{066BEB78-61AB-47D2-9F66-9696C9886C5F}.Debug|Any CPU.ActiveCfg = Debug|Any CPU
		{066BEB78-61AB-47D2-9F66-9696C9886C5F}.Debug|Any CPU.Build.0 = Debug|Any CPU
		{066BEB78-61AB-47D2-9F66-9696C9886C5F}.Release|Any CPU.ActiveCfg = Release|Any CPU
		{066BEB78-61AB-47D2-9F66-9696C9886C5F}.Release|Any CPU.Build.0 = Release|Any CPU
		{365EB32E-85CD-482F-8329-1660455D7E9E}.Debug|Any CPU.ActiveCfg = Debug|Any CPU
		{365EB32E-85CD-482F-8329-1660455D7E9E}.Debug|Any CPU.Build.0 = Debug|Any CPU
		{365EB32E-85CD-482F-8329-1660455D7E9E}.Release|Any CPU.ActiveCfg = Release|Any CPU
		{365EB32E-85CD-482F-8329-1660455D7E9E}.Release|Any CPU.Build.0 = Release|Any CPU
		{40CA482C-9A7D-4EFE-B7D7-497F971BFD1D}.Debug|Any CPU.ActiveCfg = Debug|Any CPU
		{40CA482C-9A7D-4EFE-B7D7-497F971BFD1D}.Debug|Any CPU.Build.0 = Debug|Any CPU
		{40CA482C-9A7D-4EFE-B7D7-497F971BFD1D}.Release|Any CPU.ActiveCfg = Release|Any CPU
		{40CA482C-9A7D-4EFE-B7D7-497F971BFD1D}.Release|Any CPU.Build.0 = Release|Any CPU
		{5F6836BE-DDC0-4EAF-B0F4-751799E57A93}.Debug|Any CPU.ActiveCfg = Debug|Any CPU
		{5F6836BE-DDC0-4EAF-B0F4-751799E57A93}.Debug|Any CPU.Build.0 = Debug|Any CPU
		{5F6836BE-DDC0-4EAF-B0F4-751799E57A93}.Release|Any CPU.ActiveCfg = Release|Any CPU
		{5F6836BE-DDC0-4EAF-B0F4-751799E57A93}.Release|Any CPU.Build.0 = Release|Any CPU
		{85972657-52CF-4C7D-A6E4-DEF232F28C91}.Debug|Any CPU.ActiveCfg = Debug|Any CPU
		{85972657-52CF-4C7D-A6E4-DEF232F28C91}.Debug|Any CPU.Build.0 = Debug|Any CPU
		{85972657-52CF-4C7D-A6E4-DEF232F28C91}.Release|Any CPU.ActiveCfg = Release|Any CPU
		{85972657-52CF-4C7D-A6E4-DEF232F28C91}.Release|Any CPU.Build.0 = Release|Any CPU
		{8A38BB92-4D97-4FC0-ABFC-3635D5131567}.Debug|Any CPU.ActiveCfg = Debug|Any CPU
		{8A38BB92-4D97-4FC0-ABFC-3635D5131567}.Debug|Any CPU.Build.0 = Debug|Any CPU
		{8A38BB92-4D97-4FC0-ABFC-3635D5131567}.Release|Any CPU.ActiveCfg = Release|Any CPU
		{8A38BB92-4D97-4FC0-ABFC-3635D5131567}.Release|Any CPU.Build.0 = Release|Any CPU
		{94560C32-AFBD-4DD1-8347-79FE1995137D}.Debug|Any CPU.ActiveCfg = Debug|Any CPU
		{94560C32-AFBD-4DD1-8347-79FE1995137D}.Debug|Any CPU.Build.0 = Debug|Any CPU
		{94560C32-AFBD-4DD1-8347-79FE1995137D}.Release|Any CPU.ActiveCfg = Release|Any CPU
		{94560C32-AFBD-4DD1-8347-79FE1995137D}.Release|Any CPU.Build.0 = Release|Any CPU
		{A70B60D6-C164-44F4-ACC9-37EFB6A3AA88}.Debug|Any CPU.ActiveCfg = Debug|Any CPU
		{A70B60D6-C164-44F4-ACC9-37EFB6A3AA88}.Debug|Any CPU.Build.0 = Debug|Any CPU
		{A70B60D6-C164-44F4-ACC9-37EFB6A3AA88}.Release|Any CPU.ActiveCfg = Release|Any CPU
		{A70B60D6-C164-44F4-ACC9-37EFB6A3AA88}.Release|Any CPU.Build.0 = Release|Any CPU
		{A7FEDC8F-CE70-4002-BDDB-37514D64342C}.Debug|Any CPU.ActiveCfg = Debug|Any CPU
		{A7FEDC8F-CE70-4002-BDDB-37514D64342C}.Debug|Any CPU.Build.0 = Debug|Any CPU
		{A7FEDC8F-CE70-4002-BDDB-37514D64342C}.Release|Any CPU.ActiveCfg = Release|Any CPU
		{A7FEDC8F-CE70-4002-BDDB-37514D64342C}.Release|Any CPU.Build.0 = Release|Any CPU
		{ABD79A28-4EDC-4400-9583-4CB96F5E84B9}.Debug|Any CPU.ActiveCfg = Debug|Any CPU
		{ABD79A28-4EDC-4400-9583-4CB96F5E84B9}.Debug|Any CPU.Build.0 = Debug|Any CPU
		{ABD79A28-4EDC-4400-9583-4CB96F5E84B9}.Release|Any CPU.ActiveCfg = Release|Any CPU
		{ABD79A28-4EDC-4400-9583-4CB96F5E84B9}.Release|Any CPU.Build.0 = Release|Any CPU
		{AE4FDE0B-9341-43B3-9F0F-70142BDEA268}.Debug|Any CPU.ActiveCfg = Debug|Any CPU
		{AE4FDE0B-9341-43B3-9F0F-70142BDEA268}.Debug|Any CPU.Build.0 = Debug|Any CPU
		{AE4FDE0B-9341-43B3-9F0F-70142BDEA268}.Release|Any CPU.ActiveCfg = Release|Any CPU
		{AE4FDE0B-9341-43B3-9F0F-70142BDEA268}.Release|Any CPU.Build.0 = Release|Any CPU
		{C3847E16-2B96-4CEC-8110-11C32CA1D4A1}.Debug|Any CPU.ActiveCfg = Debug|Any CPU
		{C3847E16-2B96-4CEC-8110-11C32CA1D4A1}.Debug|Any CPU.Build.0 = Debug|Any CPU
		{C3847E16-2B96-4CEC-8110-11C32CA1D4A1}.Release|Any CPU.ActiveCfg = Release|Any CPU
		{C3847E16-2B96-4CEC-8110-11C32CA1D4A1}.Release|Any CPU.Build.0 = Release|Any CPU
		{E553F220-5E0B-4141-9CB8-5A0643457511}.Debug|Any CPU.ActiveCfg = Debug|Any CPU
		{E553F220-5E0B-4141-9CB8-5A0643457511}.Debug|Any CPU.Build.0 = Debug|Any CPU
		{E553F220-5E0B-4141-9CB8-5A0643457511}.Release|Any CPU.ActiveCfg = Release|Any CPU
		{E553F220-5E0B-4141-9CB8-5A0643457511}.Release|Any CPU.Build.0 = Release|Any CPU
		{FB1138A7-129A-4A5C-B069-E8491616257A}.Debug|Any CPU.ActiveCfg = Debug|Any CPU
		{FB1138A7-129A-4A5C-B069-E8491616257A}.Debug|Any CPU.Build.0 = Debug|Any CPU
		{FB1138A7-129A-4A5C-B069-E8491616257A}.Release|Any CPU.ActiveCfg = Release|Any CPU
		{FB1138A7-129A-4A5C-B069-E8491616257A}.Release|Any CPU.Build.0 = Release|Any CPU
	EndGlobalSection
	GlobalSection(MonoDevelopProperties) = preSolution
		Policies = $0
		$0.TextStylePolicy = $1
		$1.FileWidth = 120
		$1.inheritsSet = VisualStudio
		$1.inheritsScope = text/plain
		$1.scope = text/plain
		outputpath = ..\bin
		StartupItem = tilesim.EngineConsole\tilesim.EngineConsole.csproj
	EndGlobalSection
EndGlobal
